{
  "name": "showriter_cy",
  "version": "1.0.0",
  "lockfileVersion": 1,
  "requires": true,
  "dependencies": {
    "scroll-to-bottomjs": {
      "version": "1.1.0",
      "resolved": "https://registry.npmjs.org/scroll-to-bottomjs/-/scroll-to-bottomjs-1.1.0.tgz",
      "integrity": "sha512-+e7MRrUwY7M1V93ebqxIyPwIC8rPkvcmmmdSrOnNnCpbDP2Fpva3B6RadoRQ+ubZoYdYxye3Cculgbzb/CZiGw=="
    }
  }
}
